
Microsoft Visual Studio Solution File, Format Version 12.00
# Visual Studio 15
VisualStudioVersion = 15.0.27004.2002
MinimumVisualStudioVersion = 10.0.40219.1
Project("{FAE04EC0-301F-11D3-BF4B-00C04F79EFBC}") = "GimnasioTech", "GimnasioTech\GimnasioTech.csproj", "{413C1615-0FE5-49C8-A45C-29769782C8BF}"
EndProject
Project("{FAE04EC0-301F-11D3-BF4B-00C04F79EFBC}") = "BLL", "BLL\BLL.csproj", "{777CE36E-5112-4F54-AF3B-109AB9E81839}"
EndProject
Project("{FAE04EC0-301F-11D3-BF4B-00C04F79EFBC}") = "DAL", "DAL\DAL.csproj", "{07F16BF6-4C8A-4D27-8185-1412C0564CF1}"
EndProject
Project("{FAE04EC0-301F-11D3-BF4B-00C04F79EFBC}") = "Entidades", "Entidades\Entidades.csproj", "{FE9F3427-DF52-4320-ACDA-8EFD8E021C3D}"
EndProject
Project("{FAE04EC0-301F-11D3-BF4B-00C04F79EFBC}") = "GimnacioTechWeb", "GimnacioTechWeb\GimnacioTechWeb.csproj", "{16F6A70B-B8E5-4FC6-A0D3-308B4BD49EA1}"
EndProject
Project("{FAE04EC0-301F-11D3-BF4B-00C04F79EFBC}") = "GymTest", "GymTest\GymTest.csproj", "{3742CA5B-0082-4F8F-B62B-4698EFDA92C0}"
EndProject
Global
	GlobalSection(SolutionConfigurationPlatforms) = preSolution
		Debug|Any CPU = Debug|Any CPU
		Release|Any CPU = Release|Any CPU
	EndGlobalSection
	GlobalSection(ProjectConfigurationPlatforms) = postSolution
		{413C1615-0FE5-49C8-A45C-29769782C8BF}.Debug|Any CPU.ActiveCfg = Debug|Any CPU
		{413C1615-0FE5-49C8-A45C-29769782C8BF}.Debug|Any CPU.Build.0 = Debug|Any CPU
		{413C1615-0FE5-49C8-A45C-29769782C8BF}.Release|Any CPU.ActiveCfg = Release|Any CPU
		{413C1615-0FE5-49C8-A45C-29769782C8BF}.Release|Any CPU.Build.0 = Release|Any CPU
		{777CE36E-5112-4F54-AF3B-109AB9E81839}.Debug|Any CPU.ActiveCfg = Debug|Any CPU
		{777CE36E-5112-4F54-AF3B-109AB9E81839}.Debug|Any CPU.Build.0 = Debug|Any CPU
		{777CE36E-5112-4F54-AF3B-109AB9E81839}.Release|Any CPU.ActiveCfg = Release|Any CPU
		{777CE36E-5112-4F54-AF3B-109AB9E81839}.Release|Any CPU.Build.0 = Release|Any CPU
		{07F16BF6-4C8A-4D27-8185-1412C0564CF1}.Debug|Any CPU.ActiveCfg = Debug|Any CPU
		{07F16BF6-4C8A-4D27-8185-1412C0564CF1}.Debug|Any CPU.Build.0 = Debug|Any CPU
		{07F16BF6-4C8A-4D27-8185-1412C0564CF1}.Release|Any CPU.ActiveCfg = Release|Any CPU
		{07F16BF6-4C8A-4D27-8185-1412C0564CF1}.Release|Any CPU.Build.0 = Release|Any CPU
		{FE9F3427-DF52-4320-ACDA-8EFD8E021C3D}.Debug|Any CPU.ActiveCfg = Debug|Any CPU
		{FE9F3427-DF52-4320-ACDA-8EFD8E021C3D}.Debug|Any CPU.Build.0 = Debug|Any CPU
		{FE9F3427-DF52-4320-ACDA-8EFD8E021C3D}.Release|Any CPU.ActiveCfg = Release|Any CPU
		{FE9F3427-DF52-4320-ACDA-8EFD8E021C3D}.Release|Any CPU.Build.0 = Release|Any CPU
		{16F6A70B-B8E5-4FC6-A0D3-308B4BD49EA1}.Debug|Any CPU.ActiveCfg = Debug|Any CPU
		{16F6A70B-B8E5-4FC6-A0D3-308B4BD49EA1}.Debug|Any CPU.Build.0 = Debug|Any CPU
		{16F6A70B-B8E5-4FC6-A0D3-308B4BD49EA1}.Release|Any CPU.ActiveCfg = Release|Any CPU
		{16F6A70B-B8E5-4FC6-A0D3-308B4BD49EA1}.Release|Any CPU.Build.0 = Release|Any CPU
		{3742CA5B-0082-4F8F-B62B-4698EFDA92C0}.Debug|Any CPU.ActiveCfg = Debug|Any CPU
		{3742CA5B-0082-4F8F-B62B-4698EFDA92C0}.Debug|Any CPU.Build.0 = Debug|Any CPU
		{3742CA5B-0082-4F8F-B62B-4698EFDA92C0}.Release|Any CPU.ActiveCfg = Release|Any CPU
		{3742CA5B-0082-4F8F-B62B-4698EFDA92C0}.Release|Any CPU.Build.0 = Release|Any CPU
	EndGlobalSection
	GlobalSection(SolutionProperties) = preSolution
		HideSolutionNode = FALSE
	EndGlobalSection
	GlobalSection(ExtensibilityGlobals) = postSolution
		SolutionGuid = {079387CD-B84F-4927-A761-6421916A1E00}
	EndGlobalSection
EndGlobal
